
Microsoft Visual Studio Solution File, Format Version 12.00
# Visual Studio Version 17
VisualStudioVersion = 17.11.35222.181
MinimumVisualStudioVersion = 10.0.40219.1
Project("{FAE04EC0-301F-11D3-BF4B-00C04F79EFBC}") = "ToetsDB1", "ToetsDB1\ToetsDB1.csproj", "{5CB37654-9283-40C3-A86C-20F7D7159F5E}"
EndProject
Global
	GlobalSection(SolutionConfigurationPlatforms) = preSolution
		Debug|Any CPU = Debug|Any CPU
		Release|Any CPU = Release|Any CPU
	EndGlobalSection
	GlobalSection(ProjectConfigurationPlatforms) = postSolution
		{5CB37654-9283-40C3-A86C-20F7D7159F5E}.Debug|Any CPU.ActiveCfg = Debug|Any CPU
		{5CB37654-9283-40C3-A86C-20F7D7159F5E}.Debug|Any CPU.Build.0 = Debug|Any CPU
		{5CB37654-9283-40C3-A86C-20F7D7159F5E}.Release|Any CPU.ActiveCfg = Release|Any CPU
		{5CB37654-9283-40C3-A86C-20F7D7159F5E}.Release|Any CPU.Build.0 = Release|Any CPU
	EndGlobalSection
	GlobalSection(SolutionProperties) = preSolution
		HideSolutionNode = FALSE
	EndGlobalSection
	GlobalSection(ExtensibilityGlobals) = postSolution
		SolutionGuid = {1CECACC7-6563-4FBC-97CF-43B2D385BDD2}
	EndGlobalSection
EndGlobal
